PODS:
  - GRDB.swift (5.7.3):
    - GRDB.swift/standard (= 5.7.3)
  - GRDB.swift/standard (5.7.3)
  - SQLite.swift (0.12.2):
    - SQLite.swift/standard (= 0.12.2)
  - SQLite.swift/standard (0.12.2)

DEPENDENCIES:
  - GRDB.swift
  - SQLite.swift (~> 0.12.0)

SPEC REPOS:
  trunk:
    - GRDB.swift
    - SQLite.swift

SPEC CHECKSUMS:
  GRDB.swift: 21bf3cb0c95486d65da5e83a096d5643629163e1
  SQLite.swift: d2b4642190917051ce6bd1d49aab565fe794eea3

PODFILE CHECKSUM: ac337ed4f035e6108f4a8c22490f8bb2f4f30ef3

COCOAPODS: 1.10.1
