// !$*UTF8*$!
{
	archiveVersion = 1;
	classes = {
	};
	objectVersion = 51;
	objects = {

/* Begin PBXBuildFile section */
		239CF09DF0D3FCEBE53D81C0 /* Pods_NutritionAnalyzer_legacy.framework in Frameworks */ = {isa = PBXBuildFile; fileRef = 92FCAB44E79A46673BA64514 /* Pods_NutritionAnalyzer_legacy.framework */; };
		5C16EBFE26305E07008DCC78 /* SearchFoodInteractor.swift in Sources */ = {isa = PBXBuildFile; fileRef = 5C16EBFD26305E07008DCC78 /* SearchFoodInteractor.swift */; };
		5C36A4CE261A1AB700E9A6D4 /* AppDelegate.swift in Sources */ = {isa = PBXBuildFile; fileRef = 5C36A4CD261A1AB700E9A6D4 /* AppDelegate.swift */; };
		5C36A4D0261A1AB700E9A6D4 /* SceneDelegate.swift in Sources */ = {isa = PBXBuildFile; fileRef = 5C36A4CF261A1AB700E9A6D4 /* SceneDelegate.swift */; };
		5C36A4D7261A1ABA00E9A6D4 /* Assets.xcassets in Resources */ = {isa = PBXBuildFile; fileRef = 5C36A4D6261A1ABA00E9A6D4 /* Assets.xcassets */; };
		5C36A4DA261A1ABA00E9A6D4 /* LaunchScreen.storyboard in Resources */ = {isa = PBXBuildFile; fileRef = 5C36A4D8261A1ABA00E9A6D4 /* LaunchScreen.storyboard */; };
		5C36A4E5261A1ABA00E9A6D4 /* NutritionAnalyzer_legacyTests.swift in Sources */ = {isa = PBXBuildFile; fileRef = 5C36A4E4261A1ABA00E9A6D4 /* NutritionAnalyzer_legacyTests.swift */; };
		5C36A4F0261A1ABA00E9A6D4 /* NutritionAnalyzer_legacyUITests.swift in Sources */ = {isa = PBXBuildFile; fileRef = 5C36A4EF261A1ABA00E9A6D4 /* NutritionAnalyzer_legacyUITests.swift */; };
		5C36A501261A1B0300E9A6D4 /* nutrition_labels_fact.json in Resources */ = {isa = PBXBuildFile; fileRef = 5C36A500261A1B0300E9A6D4 /* nutrition_labels_fact.json */; };
		5C36A506261A1B1400E9A6D4 /* Nutrition.swift in Sources */ = {isa = PBXBuildFile; fileRef = 5C36A505261A1B1400E9A6D4 /* Nutrition.swift */; };
		5C36A511261A1C3900E9A6D4 /* NutritionModel.swift in Sources */ = {isa = PBXBuildFile; fileRef = 5C36A510261A1C3900E9A6D4 /* NutritionModel.swift */; };
		5C36A51E261B570E00E9A6D4 /* NutritionTableViewCell.xib in Resources */ = {isa = PBXBuildFile; fileRef = 5C36A51D261B570E00E9A6D4 /* NutritionTableViewCell.xib */; };
		5C36A526261B575F00E9A6D4 /* NutritionTableViewCell.swift in Sources */ = {isa = PBXBuildFile; fileRef = 5C36A525261B575F00E9A6D4 /* NutritionTableViewCell.swift */; };
		5C36A52E261B5DEE00E9A6D4 /* _NutritionDetailViewController.swift in Sources */ = {isa = PBXBuildFile; fileRef = 5C36A52D261B5DEE00E9A6D4 /* _NutritionDetailViewController.swift */; };
		5CAA2F99262ED94300547E30 /* AppRouter.swift in Sources */ = {isa = PBXBuildFile; fileRef = 5CAA2F98262ED94300547E30 /* AppRouter.swift */; };
		5CAA2F9F262ED95700547E30 /* AppPresenter.swift in Sources */ = {isa = PBXBuildFile; fileRef = 5CAA2F9E262ED95700547E30 /* AppPresenter.swift */; };
		5CBA175F262EDB52007B3B40 /* HomeViewController.swift in Sources */ = {isa = PBXBuildFile; fileRef = 5CBA175D262EDB52007B3B40 /* HomeViewController.swift */; };
		5CBA1760262EDB52007B3B40 /* HomeViewController.xib in Resources */ = {isa = PBXBuildFile; fileRef = 5CBA175E262EDB52007B3B40 /* HomeViewController.xib */; };
		5CBA1768262EDB76007B3B40 /* HomePresenter.swift in Sources */ = {isa = PBXBuildFile; fileRef = 5CBA1767262EDB76007B3B40 /* HomePresenter.swift */; };
		5CBA176D262EDB83007B3B40 /* HomeRouter.swift in Sources */ = {isa = PBXBuildFile; fileRef = 5CBA176C262EDB83007B3B40 /* HomeRouter.swift */; };
		5CBA1772262EDC55007B3B40 /* SearchRouter.swift in Sources */ = {isa = PBXBuildFile; fileRef = 5CBA1771262EDC55007B3B40 /* SearchRouter.swift */; };
		5CBA177B262EDC63007B3B40 /* SearchPresenter.swift in Sources */ = {isa = PBXBuildFile; fileRef = 5CBA177A262EDC63007B3B40 /* SearchPresenter.swift */; };
		5CBA1781262EDC84007B3B40 /* SearchViewController.swift in Sources */ = {isa = PBXBuildFile; fileRef = 5CBA177F262EDC84007B3B40 /* SearchViewController.swift */; };
		5CBA1782262EDC84007B3B40 /* SearchViewController.xib in Resources */ = {isa = PBXBuildFile; fileRef = 5CBA1780262EDC84007B3B40 /* SearchViewController.xib */; };
		5CBA1788262EDDD0007B3B40 /* DetailViewController.swift in Sources */ = {isa = PBXBuildFile; fileRef = 5CBA1786262EDDD0007B3B40 /* DetailViewController.swift */; };
		5CBA1789262EDDD0007B3B40 /* DetailViewController.xib in Resources */ = {isa = PBXBuildFile; fileRef = 5CBA1787262EDDD0007B3B40 /* DetailViewController.xib */; };
		5CBA1791262EDEB7007B3B40 /* DetailPresenter.swift in Sources */ = {isa = PBXBuildFile; fileRef = 5CBA1790262EDEB7007B3B40 /* DetailPresenter.swift */; };
		5CBA1796262EDEC4007B3B40 /* DetailRouter.swift in Sources */ = {isa = PBXBuildFile; fileRef = 5CBA1795262EDEC4007B3B40 /* DetailRouter.swift */; };
		5CBA179E262EE20B007B3B40 /* NutritionStaticsInteractor.swift in Sources */ = {isa = PBXBuildFile; fileRef = 5CBA179D262EE20B007B3B40 /* NutritionStaticsInteractor.swift */; };
		5CBA17A7262F142E007B3B40 /* MainPresenter.swift in Sources */ = {isa = PBXBuildFile; fileRef = 5CBA17A6262F142E007B3B40 /* MainPresenter.swift */; };
		5CBA17AC262F1437007B3B40 /* MainRouter.swift in Sources */ = {isa = PBXBuildFile; fileRef = 5CBA17AB262F1437007B3B40 /* MainRouter.swift */; };
		5CBA17B1262F1443007B3B40 /* MainViewController.swift in Sources */ = {isa = PBXBuildFile; fileRef = 5CBA17B0262F1443007B3B40 /* MainViewController.swift */; };
		5CBDA74C261E009900CF1028 /* UserPFC.swift in Sources */ = {isa = PBXBuildFile; fileRef = 5CBDA74B261E009900CF1028 /* UserPFC.swift */; };
		5CBDA751261E01BC00CF1028 /* DatabaseHelper.swift in Sources */ = {isa = PBXBuildFile; fileRef = 5CBDA750261E01BC00CF1028 /* DatabaseHelper.swift */; };
		615ED13EA075A66BADC35BE0 /* Pods_NutritionAnalyzer_legacy_NutritionAnalyzer_legacyUITests.framework in Frameworks */ = {isa = PBXBuildFile; fileRef = 4B4441E18D279C76287B08AD /* Pods_NutritionAnalyzer_legacy_NutritionAnalyzer_legacyUITests.framework */; };
		779946A80FCFC0E2F76461C7 /* Pods_NutritionAnalyzer_legacyTests.framework in Frameworks */ = {isa = PBXBuildFile; fileRef = DE1E17C8DDF5A21AFAAB4788 /* Pods_NutritionAnalyzer_legacyTests.framework */; };
/* End PBXBuildFile section */

/* Begin PBXContainerItemProxy section */
		5C36A4E1261A1ABA00E9A6D4 /* PBXContainerItemProxy */ = {
			isa = PBXContainerItemProxy;
			containerPortal = 5C36A4C2261A1AB700E9A6D4 /* Project object */;
			proxyType = 1;
			remoteGlobalIDString = 5C36A4C9261A1AB700E9A6D4;
			remoteInfo = NutritionAnalyzer_legacy;
		};
		5C36A4EC261A1ABA00E9A6D4 /* PBXContainerItemProxy */ = {
			isa = PBXContainerItemProxy;
			containerPortal = 5C36A4C2261A1AB700E9A6D4 /* Project object */;
			proxyType = 1;
			remoteGlobalIDString = 5C36A4C9261A1AB700E9A6D4;
			remoteInfo = NutritionAnalyzer_legacy;
		};
/* End PBXContainerItemProxy section */

/* Begin PBXFileReference section */
		1F61EBAB8F84224D122AB864 /* Pods-NutritionAnalyzer_legacy.release.xcconfig */ = {isa = PBXFileReference; includeInIndex = 1; lastKnownFileType = text.xcconfig; name = "Pods-NutritionAnalyzer_legacy.release.xcconfig"; path = "Target Support Files/Pods-NutritionAnalyzer_legacy/Pods-NutritionAnalyzer_legacy.release.xcconfig"; sourceTree = "<group>"; };
		24F26239DE404AAE7CAD79FE /* Pods-NutritionAnalyzer_legacy-NutritionAnalyzer_legacyUITests.release.xcconfig */ = {isa = PBXFileReference; includeInIndex = 1; lastKnownFileType = text.xcconfig; name = "Pods-NutritionAnalyzer_legacy-NutritionAnalyzer_legacyUITests.release.xcconfig"; path = "Target Support Files/Pods-NutritionAnalyzer_legacy-NutritionAnalyzer_legacyUITests/Pods-NutritionAnalyzer_legacy-NutritionAnalyzer_legacyUITests.release.xcconfig"; sourceTree = "<group>"; };
		4B4441E18D279C76287B08AD /* Pods_NutritionAnalyzer_legacy_NutritionAnalyzer_legacyUITests.framework */ = {isa = PBXFileReference; explicitFileType = wrapper.framework; includeInIndex = 0; path = Pods_NutritionAnalyzer_legacy_NutritionAnalyzer_legacyUITests.framework; sourceTree = BUILT_PRODUCTS_DIR; };
		4BBA229D07E53E001C35AE20 /* Pods-NutritionAnalyzer_legacy.debug.xcconfig */ = {isa = PBXFileReference; includeInIndex = 1; lastKnownFileType = text.xcconfig; name = "Pods-NutritionAnalyzer_legacy.debug.xcconfig"; path = "Target Support Files/Pods-NutritionAnalyzer_legacy/Pods-NutritionAnalyzer_legacy.debug.xcconfig"; sourceTree = "<group>"; };
		5C16EBFD26305E07008DCC78 /* SearchFoodInteractor.swift */ = {isa = PBXFileReference; lastKnownFileType = sourcecode.swift; path = SearchFoodInteractor.swift; sourceTree = "<group>"; };
		5C36A4CA261A1AB700E9A6D4 /* NutritionAnalyzer_legacy.app */ = {isa = PBXFileReference; explicitFileType = wrapper.application; includeInIndex = 0; path = NutritionAnalyzer_legacy.app; sourceTree = BUILT_PRODUCTS_DIR; };
		5C36A4CD261A1AB700E9A6D4 /* AppDelegate.swift */ = {isa = PBXFileReference; lastKnownFileType = sourcecode.swift; path = AppDelegate.swift; sourceTree = "<group>"; };
		5C36A4CF261A1AB700E9A6D4 /* SceneDelegate.swift */ = {isa = PBXFileReference; lastKnownFileType = sourcecode.swift; path = SceneDelegate.swift; sourceTree = "<group>"; };
		5C36A4D6261A1ABA00E9A6D4 /* Assets.xcassets */ = {isa = PBXFileReference; lastKnownFileType = folder.assetcatalog; path = Assets.xcassets; sourceTree = "<group>"; };
		5C36A4D9261A1ABA00E9A6D4 /* Base */ = {isa = PBXFileReference; lastKnownFileType = file.storyboard; name = Base; path = Base.lproj/LaunchScreen.storyboard; sourceTree = "<group>"; };
		5C36A4DB261A1ABA00E9A6D4 /* Info.plist */ = {isa = PBXFileReference; lastKnownFileType = text.plist.xml; path = Info.plist; sourceTree = "<group>"; };
		5C36A4E0261A1ABA00E9A6D4 /* NutritionAnalyzer_legacyTests.xctest */ = {isa = PBXFileReference; explicitFileType = wrapper.cfbundle; includeInIndex = 0; path = NutritionAnalyzer_legacyTests.xctest; sourceTree = BUILT_PRODUCTS_DIR; };
		5C36A4E4261A1ABA00E9A6D4 /* NutritionAnalyzer_legacyTests.swift */ = {isa = PBXFileReference; lastKnownFileType = sourcecode.swift; path = NutritionAnalyzer_legacyTests.swift; sourceTree = "<group>"; };
		5C36A4E6261A1ABA00E9A6D4 /* Info.plist */ = {isa = PBXFileReference; lastKnownFileType = text.plist.xml; path = Info.plist; sourceTree = "<group>"; };
		5C36A4EB261A1ABA00E9A6D4 /* NutritionAnalyzer_legacyUITests.xctest */ = {isa = PBXFileReference; explicitFileType = wrapper.cfbundle; includeInIndex = 0; path = NutritionAnalyzer_legacyUITests.xctest; sourceTree = BUILT_PRODUCTS_DIR; };
		5C36A4EF261A1ABA00E9A6D4 /* NutritionAnalyzer_legacyUITests.swift */ = {isa = PBXFileReference; lastKnownFileType = sourcecode.swift; path = NutritionAnalyzer_legacyUITests.swift; sourceTree = "<group>"; };
		5C36A4F1261A1ABA00E9A6D4 /* Info.plist */ = {isa = PBXFileReference; lastKnownFileType = text.plist.xml; path = Info.plist; sourceTree = "<group>"; };
		5C36A500261A1B0300E9A6D4 /* nutrition_labels_fact.json */ = {isa = PBXFileReference; fileEncoding = 4; lastKnownFileType = text.json; path = nutrition_labels_fact.json; sourceTree = "<group>"; };
		5C36A505261A1B1400E9A6D4 /* Nutrition.swift */ = {isa = PBXFileReference; lastKnownFileType = sourcecode.swift; path = Nutrition.swift; sourceTree = "<group>"; };
		5C36A510261A1C3900E9A6D4 /* NutritionModel.swift */ = {isa = PBXFileReference; lastKnownFileType = sourcecode.swift; path = NutritionModel.swift; sourceTree = "<group>"; };
		5C36A51D261B570E00E9A6D4 /* NutritionTableViewCell.xib */ = {isa = PBXFileReference; lastKnownFileType = file.xib; path = NutritionTableViewCell.xib; sourceTree = "<group>"; };
		5C36A525261B575F00E9A6D4 /* NutritionTableViewCell.swift */ = {isa = PBXFileReference; lastKnownFileType = sourcecode.swift; path = NutritionTableViewCell.swift; sourceTree = "<group>"; };
		5C36A52D261B5DEE00E9A6D4 /* _NutritionDetailViewController.swift */ = {isa = PBXFileReference; lastKnownFileType = sourcecode.swift; path = _NutritionDetailViewController.swift; sourceTree = "<group>"; };
		5CAA2F98262ED94300547E30 /* AppRouter.swift */ = {isa = PBXFileReference; lastKnownFileType = sourcecode.swift; path = AppRouter.swift; sourceTree = "<group>"; };
		5CAA2F9E262ED95700547E30 /* AppPresenter.swift */ = {isa = PBXFileReference; lastKnownFileType = sourcecode.swift; path = AppPresenter.swift; sourceTree = "<group>"; };
		5CBA175D262EDB52007B3B40 /* HomeViewController.swift */ = {isa = PBXFileReference; lastKnownFileType = sourcecode.swift; path = HomeViewController.swift; sourceTree = "<group>"; };
		5CBA175E262EDB52007B3B40 /* HomeViewController.xib */ = {isa = PBXFileReference; lastKnownFileType = file.xib; path = HomeViewController.xib; sourceTree = "<group>"; };
		5CBA1767262EDB76007B3B40 /* HomePresenter.swift */ = {isa = PBXFileReference; lastKnownFileType = sourcecode.swift; path = HomePresenter.swift; sourceTree = "<group>"; };
		5CBA176C262EDB83007B3B40 /* HomeRouter.swift */ = {isa = PBXFileReference; lastKnownFileType = sourcecode.swift; path = HomeRouter.swift; sourceTree = "<group>"; };
		5CBA1771262EDC55007B3B40 /* SearchRouter.swift */ = {isa = PBXFileReference; lastKnownFileType = sourcecode.swift; path = SearchRouter.swift; sourceTree = "<group>"; };
		5CBA177A262EDC63007B3B40 /* SearchPresenter.swift */ = {isa = PBXFileReference; lastKnownFileType = sourcecode.swift; path = SearchPresenter.swift; sourceTree = "<group>"; };
		5CBA177F262EDC84007B3B40 /* SearchViewController.swift */ = {isa = PBXFileReference; lastKnownFileType = sourcecode.swift; path = SearchViewController.swift; sourceTree = "<group>"; };
		5CBA1780262EDC84007B3B40 /* SearchViewController.xib */ = {isa = PBXFileReference; lastKnownFileType = file.xib; path = SearchViewController.xib; sourceTree = "<group>"; };
		5CBA1786262EDDD0007B3B40 /* DetailViewController.swift */ = {isa = PBXFileReference; lastKnownFileType = sourcecode.swift; path = DetailViewController.swift; sourceTree = "<group>"; };
		5CBA1787262EDDD0007B3B40 /* DetailViewController.xib */ = {isa = PBXFileReference; lastKnownFileType = file.xib; path = DetailViewController.xib; sourceTree = "<group>"; };
		5CBA1790262EDEB7007B3B40 /* DetailPresenter.swift */ = {isa = PBXFileReference; lastKnownFileType = sourcecode.swift; path = DetailPresenter.swift; sourceTree = "<group>"; };
		5CBA1795262EDEC4007B3B40 /* DetailRouter.swift */ = {isa = PBXFileReference; lastKnownFileType = sourcecode.swift; path = DetailRouter.swift; sourceTree = "<group>"; };
		5CBA179D262EE20B007B3B40 /* NutritionStaticsInteractor.swift */ = {isa = PBXFileReference; lastKnownFileType = sourcecode.swift; path = NutritionStaticsInteractor.swift; sourceTree = "<group>"; };
		5CBA17A6262F142E007B3B40 /* MainPresenter.swift */ = {isa = PBXFileReference; lastKnownFileType = sourcecode.swift; path = MainPresenter.swift; sourceTree = "<group>"; };
		5CBA17AB262F1437007B3B40 /* MainRouter.swift */ = {isa = PBXFileReference; lastKnownFileType = sourcecode.swift; path = MainRouter.swift; sourceTree = "<group>"; };
		5CBA17B0262F1443007B3B40 /* MainViewController.swift */ = {isa = PBXFileReference; lastKnownFileType = sourcecode.swift; path = MainViewController.swift; sourceTree = "<group>"; };
		5CBDA74B261E009900CF1028 /* UserPFC.swift */ = {isa = PBXFileReference; lastKnownFileType = sourcecode.swift; path = UserPFC.swift; sourceTree = "<group>"; };
		5CBDA750261E01BC00CF1028 /* DatabaseHelper.swift */ = {isa = PBXFileReference; lastKnownFileType = sourcecode.swift; path = DatabaseHelper.swift; sourceTree = "<group>"; };
		6102E7F7BC378816928E2FDB /* Pods-NutritionAnalyzer_legacy-NutritionAnalyzer_legacyUITests.debug.xcconfig */ = {isa = PBXFileReference; includeInIndex = 1; lastKnownFileType = text.xcconfig; name = "Pods-NutritionAnalyzer_legacy-NutritionAnalyzer_legacyUITests.debug.xcconfig"; path = "Target Support Files/Pods-NutritionAnalyzer_legacy-NutritionAnalyzer_legacyUITests/Pods-NutritionAnalyzer_legacy-NutritionAnalyzer_legacyUITests.debug.xcconfig"; sourceTree = "<group>"; };
		92FCAB44E79A46673BA64514 /* Pods_NutritionAnalyzer_legacy.framework */ = {isa = PBXFileReference; explicitFileType = wrapper.framework; includeInIndex = 0; path = Pods_NutritionAnalyzer_legacy.framework; sourceTree = BUILT_PRODUCTS_DIR; };
		C3DDC62E8C546CC85D8184C8 /* Pods-NutritionAnalyzer_legacyTests.debug.xcconfig */ = {isa = PBXFileReference; includeInIndex = 1; lastKnownFileType = text.xcconfig; name = "Pods-NutritionAnalyzer_legacyTests.debug.xcconfig"; path = "Target Support Files/Pods-NutritionAnalyzer_legacyTests/Pods-NutritionAnalyzer_legacyTests.debug.xcconfig"; sourceTree = "<group>"; };
		DE1E17C8DDF5A21AFAAB4788 /* Pods_NutritionAnalyzer_legacyTests.framework */ = {isa = PBXFileReference; explicitFileType = wrapper.framework; includeInIndex = 0; path = Pods_NutritionAnalyzer_legacyTests.framework; sourceTree = BUILT_PRODUCTS_DIR; };
		E2A8B656CEED6CEE557F9A3E /* Pods-NutritionAnalyzer_legacyTests.release.xcconfig */ = {isa = PBXFileReference; includeInIndex = 1; lastKnownFileType = text.xcconfig; name = "Pods-NutritionAnalyzer_legacyTests.release.xcconfig"; path = "Target Support Files/Pods-NutritionAnalyzer_legacyTests/Pods-NutritionAnalyzer_legacyTests.release.xcconfig"; sourceTree = "<group>"; };
/* End PBXFileReference section */

/* Begin PBXFrameworksBuildPhase section */
		5C36A4C7261A1AB700E9A6D4 /* Frameworks */ = {
			isa = PBXFrameworksBuildPhase;
			buildActionMask = 2147483647;
			files = (
				239CF09DF0D3FCEBE53D81C0 /* Pods_NutritionAnalyzer_legacy.framework in Frameworks */,
			);
			runOnlyForDeploymentPostprocessing = 0;
		};
		5C36A4DD261A1ABA00E9A6D4 /* Frameworks */ = {
			isa = PBXFrameworksBuildPhase;
			buildActionMask = 2147483647;
			files = (
				779946A80FCFC0E2F76461C7 /* Pods_NutritionAnalyzer_legacyTests.framework in Frameworks */,
			);
			runOnlyForDeploymentPostprocessing = 0;
		};
		5C36A4E8261A1ABA00E9A6D4 /* Frameworks */ = {
			isa = PBXFrameworksBuildPhase;
			buildActionMask = 2147483647;
			files = (
				615ED13EA075A66BADC35BE0 /* Pods_NutritionAnalyzer_legacy_NutritionAnalyzer_legacyUITests.framework in Frameworks */,
			);
			runOnlyForDeploymentPostprocessing = 0;
		};
/* End PBXFrameworksBuildPhase section */

/* Begin PBXGroup section */
		05B6695D7F15622816978437 /* Frameworks */ = {
			isa = PBXGroup;
			children = (
				92FCAB44E79A46673BA64514 /* Pods_NutritionAnalyzer_legacy.framework */,
				4B4441E18D279C76287B08AD /* Pods_NutritionAnalyzer_legacy_NutritionAnalyzer_legacyUITests.framework */,
				DE1E17C8DDF5A21AFAAB4788 /* Pods_NutritionAnalyzer_legacyTests.framework */,
			);
			name = Frameworks;
			sourceTree = "<group>";
		};
		5C36A4C1261A1AB700E9A6D4 = {
			isa = PBXGroup;
			children = (
				5C36A4CC261A1AB700E9A6D4 /* NutritionAnalyzer_legacy */,
				5C36A4E3261A1ABA00E9A6D4 /* NutritionAnalyzer_legacyTests */,
				5C36A4EE261A1ABA00E9A6D4 /* NutritionAnalyzer_legacyUITests */,
				5C36A4CB261A1AB700E9A6D4 /* Products */,
				E95BDAA40482574DBD2F5642 /* Pods */,
				05B6695D7F15622816978437 /* Frameworks */,
			);
			sourceTree = "<group>";
		};
		5C36A4CB261A1AB700E9A6D4 /* Products */ = {
			isa = PBXGroup;
			children = (
				5C36A4CA261A1AB700E9A6D4 /* NutritionAnalyzer_legacy.app */,
				5C36A4E0261A1ABA00E9A6D4 /* NutritionAnalyzer_legacyTests.xctest */,
				5C36A4EB261A1ABA00E9A6D4 /* NutritionAnalyzer_legacyUITests.xctest */,
			);
			name = Products;
			sourceTree = "<group>";
		};
		5C36A4CC261A1AB700E9A6D4 /* NutritionAnalyzer_legacy */ = {
			isa = PBXGroup;
			children = (
				5C36A500261A1B0300E9A6D4 /* nutrition_labels_fact.json */,
				5C36A4DB261A1ABA00E9A6D4 /* Info.plist */,
				5C36A4D6261A1ABA00E9A6D4 /* Assets.xcassets */,
				5CAA2F95262ED90400547E30 /* Application */,
				5CAA2FAD262ED9D600547E30 /* Domain */,
				5C36A52C261B5DC200E9A6D4 /* Entity */,
				5CBA17B5262F1E6D007B3B40 /* Infra */,
				5C36A52B261B5DBA00E9A6D4 /* Model */,
				5CAA2FA6262ED98400547E30 /* Modules */,
				5CA85B6F261F4B36000B9D4C /* Storyboard */,
				5C36A52A261B5DA100E9A6D4 /* View */,
			);
			path = NutritionAnalyzer_legacy;
			sourceTree = "<group>";
		};
		5C36A4E3261A1ABA00E9A6D4 /* NutritionAnalyzer_legacyTests */ = {
			isa = PBXGroup;
			children = (
				5C36A4E4261A1ABA00E9A6D4 /* NutritionAnalyzer_legacyTests.swift */,
				5C36A4E6261A1ABA00E9A6D4 /* Info.plist */,
			);
			path = NutritionAnalyzer_legacyTests;
			sourceTree = "<group>";
		};
		5C36A4EE261A1ABA00E9A6D4 /* NutritionAnalyzer_legacyUITests */ = {
			isa = PBXGroup;
			children = (
				5C36A4EF261A1ABA00E9A6D4 /* NutritionAnalyzer_legacyUITests.swift */,
				5C36A4F1261A1ABA00E9A6D4 /* Info.plist */,
			);
			path = NutritionAnalyzer_legacyUITests;
			sourceTree = "<group>";
		};
		5C36A52A261B5DA100E9A6D4 /* View */ = {
			isa = PBXGroup;
			children = (
				5C36A52D261B5DEE00E9A6D4 /* _NutritionDetailViewController.swift */,
				5C36A525261B575F00E9A6D4 /* NutritionTableViewCell.swift */,
				5C36A51D261B570E00E9A6D4 /* NutritionTableViewCell.xib */,
			);
			path = View;
			sourceTree = "<group>";
		};
		5C36A52B261B5DBA00E9A6D4 /* Model */ = {
			isa = PBXGroup;
			children = (
				5C36A510261A1C3900E9A6D4 /* NutritionModel.swift */,
			);
			path = Model;
			sourceTree = "<group>";
		};
		5C36A52C261B5DC200E9A6D4 /* Entity */ = {
			isa = PBXGroup;
			children = (
				5C36A505261A1B1400E9A6D4 /* Nutrition.swift */,
				5CBDA74B261E009900CF1028 /* UserPFC.swift */,
			);
			path = Entity;
			sourceTree = "<group>";
		};
		5CA85B6F261F4B36000B9D4C /* Storyboard */ = {
			isa = PBXGroup;
			children = (
				5C36A4D8261A1ABA00E9A6D4 /* LaunchScreen.storyboard */,
			);
			path = Storyboard;
			sourceTree = "<group>";
		};
		5CAA2F95262ED90400547E30 /* Application */ = {
			isa = PBXGroup;
			children = (
				5C36A4CD261A1AB700E9A6D4 /* AppDelegate.swift */,
				5C36A4CF261A1AB700E9A6D4 /* SceneDelegate.swift */,
				5CAA2F96262ED92300547E30 /* Presenter */,
				5CAA2F97262ED93200547E30 /* Router */,
			);
			path = Application;
			sourceTree = "<group>";
		};
		5CAA2F96262ED92300547E30 /* Presenter */ = {
			isa = PBXGroup;
			children = (
				5CAA2F9E262ED95700547E30 /* AppPresenter.swift */,
			);
			path = Presenter;
			sourceTree = "<group>";
		};
		5CAA2F97262ED93200547E30 /* Router */ = {
			isa = PBXGroup;
			children = (
				5CAA2F98262ED94300547E30 /* AppRouter.swift */,
			);
			path = Router;
			sourceTree = "<group>";
		};
		5CAA2FA6262ED98400547E30 /* Modules */ = {
			isa = PBXGroup;
			children = (
				5CAA2FA9262ED99F00547E30 /* Detail */,
				5CAA2FA7262ED98B00547E30 /* Home */,
				5CBA17A5262F141C007B3B40 /* Main */,
				5CAA2FA8262ED99700547E30 /* Search */,
			);
			path = Modules;
			sourceTree = "<group>";
		};
		5CAA2FA7262ED98B00547E30 /* Home */ = {
			isa = PBXGroup;
			children = (
				5CBA1767262EDB76007B3B40 /* HomePresenter.swift */,
				5CBA176C262EDB83007B3B40 /* HomeRouter.swift */,
				5CBA175D262EDB52007B3B40 /* HomeViewController.swift */,
				5CBA175E262EDB52007B3B40 /* HomeViewController.xib */,
			);
			path = Home;
			sourceTree = "<group>";
		};
		5CAA2FA8262ED99700547E30 /* Search */ = {
			isa = PBXGroup;
			children = (
				5CBA177A262EDC63007B3B40 /* SearchPresenter.swift */,
				5CBA1771262EDC55007B3B40 /* SearchRouter.swift */,
				5CBA177F262EDC84007B3B40 /* SearchViewController.swift */,
				5CBA1780262EDC84007B3B40 /* SearchViewController.xib */,
			);
			path = Search;
			sourceTree = "<group>";
		};
		5CAA2FA9262ED99F00547E30 /* Detail */ = {
			isa = PBXGroup;
			children = (
				5CBA1790262EDEB7007B3B40 /* DetailPresenter.swift */,
				5CBA1795262EDEC4007B3B40 /* DetailRouter.swift */,
				5CBA1786262EDDD0007B3B40 /* DetailViewController.swift */,
				5CBA1787262EDDD0007B3B40 /* DetailViewController.xib */,
			);
			path = Detail;
			sourceTree = "<group>";
		};
		5CAA2FAD262ED9D600547E30 /* Domain */ = {
			isa = PBXGroup;
			children = (
				5CAA2FAF262ED9FA00547E30 /* SearchRepository */,
				5CAA2FAE262ED9E000547E30 /* StaticsRepository */,
			);
			path = Domain;
			sourceTree = "<group>";
		};
		5CAA2FAE262ED9E000547E30 /* StaticsRepository */ = {
			isa = PBXGroup;
			children = (
				5CBA179D262EE20B007B3B40 /* NutritionStaticsInteractor.swift */,
			);
			path = StaticsRepository;
			sourceTree = "<group>";
		};
		5CAA2FAF262ED9FA00547E30 /* SearchRepository */ = {
			isa = PBXGroup;
			children = (
				5C16EBFD26305E07008DCC78 /* SearchFoodInteractor.swift */,
			);
			path = SearchRepository;
			sourceTree = "<group>";
		};
		5CBA17A5262F141C007B3B40 /* Main */ = {
			isa = PBXGroup;
			children = (
				5CBA17A6262F142E007B3B40 /* MainPresenter.swift */,
				5CBA17AB262F1437007B3B40 /* MainRouter.swift */,
				5CBA17B0262F1443007B3B40 /* MainViewController.swift */,
			);
			path = Main;
			sourceTree = "<group>";
		};
		5CBA17B5262F1E6D007B3B40 /* Infra */ = {
			isa = PBXGroup;
			children = (
				5CBDA750261E01BC00CF1028 /* DatabaseHelper.swift */,
			);
			path = Infra;
			sourceTree = "<group>";
		};
		E95BDAA40482574DBD2F5642 /* Pods */ = {
			isa = PBXGroup;
			children = (
				4BBA229D07E53E001C35AE20 /* Pods-NutritionAnalyzer_legacy.debug.xcconfig */,
				1F61EBAB8F84224D122AB864 /* Pods-NutritionAnalyzer_legacy.release.xcconfig */,
				6102E7F7BC378816928E2FDB /* Pods-NutritionAnalyzer_legacy-NutritionAnalyzer_legacyUITests.debug.xcconfig */,
				24F26239DE404AAE7CAD79FE /* Pods-NutritionAnalyzer_legacy-NutritionAnalyzer_legacyUITests.release.xcconfig */,
				C3DDC62E8C546CC85D8184C8 /* Pods-NutritionAnalyzer_legacyTests.debug.xcconfig */,
				E2A8B656CEED6CEE557F9A3E /* Pods-NutritionAnalyzer_legacyTests.release.xcconfig */,
			);
			path = Pods;
			sourceTree = "<group>";
		};
/* End PBXGroup section */

/* Begin PBXNativeTarget section */
		5C36A4C9261A1AB700E9A6D4 /* NutritionAnalyzer_legacy */ = {
			isa = PBXNativeTarget;
			buildConfigurationList = 5C36A4F4261A1ABA00E9A6D4 /* Build configuration list for PBXNativeTarget "NutritionAnalyzer_legacy" */;
			buildPhases = (
				D6B667D2D8686E7428D66F38 /* [CP] Check Pods Manifest.lock */,
				5C36A4C6261A1AB700E9A6D4 /* Sources */,
				5C36A4C7261A1AB700E9A6D4 /* Frameworks */,
				5C36A4C8261A1AB700E9A6D4 /* Resources */,
				FBAA27D8F00F8164170F791B /* [CP] Embed Pods Frameworks */,
			);
			buildRules = (
			);
			dependencies = (
			);
			name = NutritionAnalyzer_legacy;
			productName = NutritionAnalyzer_legacy;
			productReference = 5C36A4CA261A1AB700E9A6D4 /* NutritionAnalyzer_legacy.app */;
			productType = "com.apple.product-type.application";
		};
		5C36A4DF261A1ABA00E9A6D4 /* NutritionAnalyzer_legacyTests */ = {
			isa = PBXNativeTarget;
			buildConfigurationList = 5C36A4F7261A1ABA00E9A6D4 /* Build configuration list for PBXNativeTarget "NutritionAnalyzer_legacyTests" */;
			buildPhases = (
				F3076C842C472ADF69FB7456 /* [CP] Check Pods Manifest.lock */,
				5C36A4DC261A1ABA00E9A6D4 /* Sources */,
				5C36A4DD261A1ABA00E9A6D4 /* Frameworks */,
				5C36A4DE261A1ABA00E9A6D4 /* Resources */,
			);
			buildRules = (
			);
			dependencies = (
				5C36A4E2261A1ABA00E9A6D4 /* PBXTargetDependency */,
			);
			name = NutritionAnalyzer_legacyTests;
			productName = NutritionAnalyzer_legacyTests;
			productReference = 5C36A4E0261A1ABA00E9A6D4 /* NutritionAnalyzer_legacyTests.xctest */;
			productType = "com.apple.product-type.bundle.unit-test";
		};
		5C36A4EA261A1ABA00E9A6D4 /* NutritionAnalyzer_legacyUITests */ = {
			isa = PBXNativeTarget;
			buildConfigurationList = 5C36A4FA261A1ABA00E9A6D4 /* Build configuration list for PBXNativeTarget "NutritionAnalyzer_legacyUITests" */;
			buildPhases = (
				1F325500F07131FF40EEB8DB /* [CP] Check Pods Manifest.lock */,
				5C36A4E7261A1ABA00E9A6D4 /* Sources */,
				5C36A4E8261A1ABA00E9A6D4 /* Frameworks */,
				5C36A4E9261A1ABA00E9A6D4 /* Resources */,
				43431E713890EFBC74786BD7 /* [CP] Embed Pods Frameworks */,
			);
			buildRules = (
			);
			dependencies = (
				5C36A4ED261A1ABA00E9A6D4 /* PBXTargetDependency */,
			);
			name = NutritionAnalyzer_legacyUITests;
			productName = NutritionAnalyzer_legacyUITests;
			productReference = 5C36A4EB261A1ABA00E9A6D4 /* NutritionAnalyzer_legacyUITests.xctest */;
			productType = "com.apple.product-type.bundle.ui-testing";
		};
/* End PBXNativeTarget section */

/* Begin PBXProject section */
		5C36A4C2261A1AB700E9A6D4 /* Project object */ = {
			isa = PBXProject;
			attributes = {
				LastSwiftUpdateCheck = 1220;
				LastUpgradeCheck = 1220;
				TargetAttributes = {
					5C36A4C9261A1AB700E9A6D4 = {
						CreatedOnToolsVersion = 12.2;
					};
					5C36A4DF261A1ABA00E9A6D4 = {
						CreatedOnToolsVersion = 12.2;
						TestTargetID = 5C36A4C9261A1AB700E9A6D4;
					};
					5C36A4EA261A1ABA00E9A6D4 = {
						CreatedOnToolsVersion = 12.2;
						TestTargetID = 5C36A4C9261A1AB700E9A6D4;
					};
				};
			};
			buildConfigurationList = 5C36A4C5261A1AB700E9A6D4 /* Build configuration list for PBXProject "NutritionAnalyzer_legacy" */;
			compatibilityVersion = "Xcode 9.3";
			developmentRegion = en;
			hasScannedForEncodings = 0;
			knownRegions = (
				en,
				Base,
			);
			mainGroup = 5C36A4C1261A1AB700E9A6D4;
			productRefGroup = 5C36A4CB261A1AB700E9A6D4 /* Products */;
			projectDirPath = "";
			projectRoot = "";
			targets = (
				5C36A4C9261A1AB700E9A6D4 /* NutritionAnalyzer_legacy */,
				5C36A4DF261A1ABA00E9A6D4 /* NutritionAnalyzer_legacyTests */,
				5C36A4EA261A1ABA00E9A6D4 /* NutritionAnalyzer_legacyUITests */,
			);
		};
/* End PBXProject section */

/* Begin PBXResourcesBuildPhase section */
		5C36A4C8261A1AB700E9A6D4 /* Resources */ = {
			isa = PBXResourcesBuildPhase;
			buildActionMask = 2147483647;
			files = (
				5C36A4DA261A1ABA00E9A6D4 /* LaunchScreen.storyboard in Resources */,
				5C36A51E261B570E00E9A6D4 /* NutritionTableViewCell.xib in Resources */,
				5C36A501261A1B0300E9A6D4 /* nutrition_labels_fact.json in Resources */,
				5C36A4D7261A1ABA00E9A6D4 /* Assets.xcassets in Resources */,
				5CBA1782262EDC84007B3B40 /* SearchViewController.xib in Resources */,
				5CBA1789262EDDD0007B3B40 /* DetailViewController.xib in Resources */,
				5CBA1760262EDB52007B3B40 /* HomeViewController.xib in Resources */,
			);
			runOnlyForDeploymentPostprocessing = 0;
		};
		5C36A4DE261A1ABA00E9A6D4 /* Resources */ = {
			isa = PBXResourcesBuildPhase;
			buildActionMask = 2147483647;
			files = (
			);
			runOnlyForDeploymentPostprocessing = 0;
		};
		5C36A4E9261A1ABA00E9A6D4 /* Resources */ = {
			isa = PBXResourcesBuildPhase;
			buildActionMask = 2147483647;
			files = (
			);
			runOnlyForDeploymentPostprocessing = 0;
		};
/* End PBXResourcesBuildPhase section */

/* Begin PBXShellScriptBuildPhase section */
		1F325500F07131FF40EEB8DB /* [CP] Check Pods Manifest.lock */ = {
			isa = PBXShellScriptBuildPhase;
			buildActionMask = 2147483647;
			files = (
			);
			inputFileListPaths = (
			);
			inputPaths = (
				"${PODS_PODFILE_DIR_PATH}/Podfile.lock",
				"${PODS_ROOT}/Manifest.lock",
			);
			name = "[CP] Check Pods Manifest.lock";
			outputFileListPaths = (
			);
			outputPaths = (
				"$(DERIVED_FILE_DIR)/Pods-NutritionAnalyzer_legacy-NutritionAnalyzer_legacyUITests-checkManifestLockResult.txt",
			);
			runOnlyForDeploymentPostprocessing = 0;
			shellPath = /bin/sh;
			shellScript = "diff \"${PODS_PODFILE_DIR_PATH}/Podfile.lock\" \"${PODS_ROOT}/Manifest.lock\" > /dev/null\nif [ $? != 0 ] ; then\n    # print error to STDERR\n    echo \"error: The sandbox is not in sync with the Podfile.lock. Run 'pod install' or update your CocoaPods installation.\" >&2\n    exit 1\nfi\n# This output is used by Xcode 'outputs' to avoid re-running this script phase.\necho \"SUCCESS\" > \"${SCRIPT_OUTPUT_FILE_0}\"\n";
			showEnvVarsInLog = 0;
		};
		43431E713890EFBC74786BD7 /* [CP] Embed Pods Frameworks */ = {
			isa = PBXShellScriptBuildPhase;
			buildActionMask = 2147483647;
			files = (
			);
			inputFileListPaths = (
				"${PODS_ROOT}/Target Support Files/Pods-NutritionAnalyzer_legacy-NutritionAnalyzer_legacyUITests/Pods-NutritionAnalyzer_legacy-NutritionAnalyzer_legacyUITests-frameworks-${CONFIGURATION}-input-files.xcfilelist",
			);
			name = "[CP] Embed Pods Frameworks";
			outputFileListPaths = (
				"${PODS_ROOT}/Target Support Files/Pods-NutritionAnalyzer_legacy-NutritionAnalyzer_legacyUITests/Pods-NutritionAnalyzer_legacy-NutritionAnalyzer_legacyUITests-frameworks-${CONFIGURATION}-output-files.xcfilelist",
			);
			runOnlyForDeploymentPostprocessing = 0;
			shellPath = /bin/sh;
			shellScript = "\"${PODS_ROOT}/Target Support Files/Pods-NutritionAnalyzer_legacy-NutritionAnalyzer_legacyUITests/Pods-NutritionAnalyzer_legacy-NutritionAnalyzer_legacyUITests-frameworks.sh\"\n";
			showEnvVarsInLog = 0;
		};
		D6B667D2D8686E7428D66F38 /* [CP] Check Pods Manifest.lock */ = {
			isa = PBXShellScriptBuildPhase;
			buildActionMask = 2147483647;
			files = (
			);
			inputFileListPaths = (
			);
			inputPaths = (
				"${PODS_PODFILE_DIR_PATH}/Podfile.lock",
				"${PODS_ROOT}/Manifest.lock",
			);
			name = "[CP] Check Pods Manifest.lock";
			outputFileListPaths = (
			);
			outputPaths = (
				"$(DERIVED_FILE_DIR)/Pods-NutritionAnalyzer_legacy-checkManifestLockResult.txt",
			);
			runOnlyForDeploymentPostprocessing = 0;
			shellPath = /bin/sh;
			shellScript = "diff \"${PODS_PODFILE_DIR_PATH}/Podfile.lock\" \"${PODS_ROOT}/Manifest.lock\" > /dev/null\nif [ $? != 0 ] ; then\n    # print error to STDERR\n    echo \"error: The sandbox is not in sync with the Podfile.lock. Run 'pod install' or update your CocoaPods installation.\" >&2\n    exit 1\nfi\n# This output is used by Xcode 'outputs' to avoid re-running this script phase.\necho \"SUCCESS\" > \"${SCRIPT_OUTPUT_FILE_0}\"\n";
			showEnvVarsInLog = 0;
		};
		F3076C842C472ADF69FB7456 /* [CP] Check Pods Manifest.lock */ = {
			isa = PBXShellScriptBuildPhase;
			buildActionMask = 2147483647;
			files = (
			);
			inputFileListPaths = (
			);
			inputPaths = (
				"${PODS_PODFILE_DIR_PATH}/Podfile.lock",
				"${PODS_ROOT}/Manifest.lock",
			);
			name = "[CP] Check Pods Manifest.lock";
			outputFileListPaths = (
			);
			outputPaths = (
				"$(DERIVED_FILE_DIR)/Pods-NutritionAnalyzer_legacyTests-checkManifestLockResult.txt",
			);
			runOnlyForDeploymentPostprocessing = 0;
			shellPath = /bin/sh;
			shellScript = "diff \"${PODS_PODFILE_DIR_PATH}/Podfile.lock\" \"${PODS_ROOT}/Manifest.lock\" > /dev/null\nif [ $? != 0 ] ; then\n    # print error to STDERR\n    echo \"error: The sandbox is not in sync with the Podfile.lock. Run 'pod install' or update your CocoaPods installation.\" >&2\n    exit 1\nfi\n# This output is used by Xcode 'outputs' to avoid re-running this script phase.\necho \"SUCCESS\" > \"${SCRIPT_OUTPUT_FILE_0}\"\n";
			showEnvVarsInLog = 0;
		};
		FBAA27D8F00F8164170F791B /* [CP] Embed Pods Frameworks */ = {
			isa = PBXShellScriptBuildPhase;
			buildActionMask = 2147483647;
			files = (
			);
			inputFileListPaths = (
				"${PODS_ROOT}/Target Support Files/Pods-NutritionAnalyzer_legacy/Pods-NutritionAnalyzer_legacy-frameworks-${CONFIGURATION}-input-files.xcfilelist",
			);
			name = "[CP] Embed Pods Frameworks";
			outputFileListPaths = (
				"${PODS_ROOT}/Target Support Files/Pods-NutritionAnalyzer_legacy/Pods-NutritionAnalyzer_legacy-frameworks-${CONFIGURATION}-output-files.xcfilelist",
			);
			runOnlyForDeploymentPostprocessing = 0;
			shellPath = /bin/sh;
			shellScript = "\"${PODS_ROOT}/Target Support Files/Pods-NutritionAnalyzer_legacy/Pods-NutritionAnalyzer_legacy-frameworks.sh\"\n";
			showEnvVarsInLog = 0;
		};
/* End PBXShellScriptBuildPhase section */

/* Begin PBXSourcesBuildPhase section */
		5C36A4C6261A1AB700E9A6D4 /* Sources */ = {
			isa = PBXSourcesBuildPhase;
			buildActionMask = 2147483647;
			files = (
				5C36A52E261B5DEE00E9A6D4 /* _NutritionDetailViewController.swift in Sources */,
				5CAA2F9F262ED95700547E30 /* AppPresenter.swift in Sources */,
				5CBA1791262EDEB7007B3B40 /* DetailPresenter.swift in Sources */,
				5C36A511261A1C3900E9A6D4 /* NutritionModel.swift in Sources */,
				5CBA1772262EDC55007B3B40 /* SearchRouter.swift in Sources */,
				5CBA176D262EDB83007B3B40 /* HomeRouter.swift in Sources */,
				5C36A506261A1B1400E9A6D4 /* Nutrition.swift in Sources */,
				5CBA179E262EE20B007B3B40 /* NutritionStaticsInteractor.swift in Sources */,
				5C36A4CE261A1AB700E9A6D4 /* AppDelegate.swift in Sources */,
				5C36A526261B575F00E9A6D4 /* NutritionTableViewCell.swift in Sources */,
				5CBA1768262EDB76007B3B40 /* HomePresenter.swift in Sources */,
				5CBA1788262EDDD0007B3B40 /* DetailViewController.swift in Sources */,
				5CBA1796262EDEC4007B3B40 /* DetailRouter.swift in Sources */,
				5CBA17B1262F1443007B3B40 /* MainViewController.swift in Sources */,
				5CBDA751261E01BC00CF1028 /* DatabaseHelper.swift in Sources */,
				5CAA2F99262ED94300547E30 /* AppRouter.swift in Sources */,
				5CBA1781262EDC84007B3B40 /* SearchViewController.swift in Sources */,
				5C16EBFE26305E07008DCC78 /* SearchFoodInteractor.swift in Sources */,
				5CBA17AC262F1437007B3B40 /* MainRouter.swift in Sources */,
				5C36A4D0261A1AB700E9A6D4 /* SceneDelegate.swift in Sources */,
				5CBA17A7262F142E007B3B40 /* MainPresenter.swift in Sources */,
				5CBDA74C261E009900CF1028 /* UserPFC.swift in Sources */,
				5CBA177B262EDC63007B3B40 /* SearchPresenter.swift in Sources */,
				5CBA175F262EDB52007B3B40 /* HomeViewController.swift in Sources */,
			);
			runOnlyForDeploymentPostprocessing = 0;
		};
		5C36A4DC261A1ABA00E9A6D4 /* Sources */ = {
			isa = PBXSourcesBuildPhase;
			buildActionMask = 2147483647;
			files = (
				5C36A4E5261A1ABA00E9A6D4 /* NutritionAnalyzer_legacyTests.swift in Sources */,
			);
			runOnlyForDeploymentPostprocessing = 0;
		};
		5C36A4E7261A1ABA00E9A6D4 /* Sources */ = {
			isa = PBXSourcesBuildPhase;
			buildActionMask = 2147483647;
			files = (
				5C36A4F0261A1ABA00E9A6D4 /* NutritionAnalyzer_legacyUITests.swift in Sources */,
			);
			runOnlyForDeploymentPostprocessing = 0;
		};
/* End PBXSourcesBuildPhase section */

/* Begin PBXTargetDependency section */
		5C36A4E2261A1ABA00E9A6D4 /* PBXTargetDependency */ = {
			isa = PBXTargetDependency;
			target = 5C36A4C9261A1AB700E9A6D4 /* NutritionAnalyzer_legacy */;
			targetProxy = 5C36A4E1261A1ABA00E9A6D4 /* PBXContainerItemProxy */;
		};
		5C36A4ED261A1ABA00E9A6D4 /* PBXTargetDependency */ = {
			isa = PBXTargetDependency;
			target = 5C36A4C9261A1AB700E9A6D4 /* NutritionAnalyzer_legacy */;
			targetProxy = 5C36A4EC261A1ABA00E9A6D4 /* PBXContainerItemProxy */;
		};
/* End PBXTargetDependency section */

/* Begin PBXVariantGroup section */
		5C36A4D8261A1ABA00E9A6D4 /* LaunchScreen.storyboard */ = {
			isa = PBXVariantGroup;
			children = (
				5C36A4D9261A1ABA00E9A6D4 /* Base */,
			);
			name = LaunchScreen.storyboard;
			sourceTree = "<group>";
		};
/* End PBXVariantGroup section */

/* Begin XCBuildConfiguration section */
		5C36A4F2261A1ABA00E9A6D4 /* Debug */ = {
			isa = XCBuildConfiguration;
			buildSettings = {
				ALWAYS_SEARCH_USER_PATHS = NO;
				CLANG_ANALYZER_NONNULL = YES;
				CLANG_ANALYZER_NUMBER_OBJECT_CONVERSION = YES_AGGRESSIVE;
				CLANG_CXX_LANGUAGE_STANDARD = "gnu++14";
				CLANG_CXX_LIBRARY = "libc++";
				CLANG_ENABLE_MODULES = YES;
				CLANG_ENABLE_OBJC_ARC = YES;
				CLANG_ENABLE_OBJC_WEAK = YES;
				CLANG_WARN_BLOCK_CAPTURE_AUTORELEASING = YES;
				CLANG_WARN_BOOL_CONVERSION = YES;
				CLANG_WARN_COMMA = YES;
				CLANG_WARN_CONSTANT_CONVERSION = YES;
				CLANG_WARN_DEPRECATED_OBJC_IMPLEMENTATIONS = YES;
				CLANG_WARN_DIRECT_OBJC_ISA_USAGE = YES_ERROR;
				CLANG_WARN_DOCUMENTATION_COMMENTS = YES;
				CLANG_WARN_EMPTY_BODY = YES;
				CLANG_WARN_ENUM_CONVERSION = YES;
				CLANG_WARN_INFINITE_RECURSION = YES;
				CLANG_WARN_INT_CONVERSION = YES;
				CLANG_WARN_NON_LITERAL_NULL_CONVERSION = YES;
				CLANG_WARN_OBJC_IMPLICIT_RETAIN_SELF = YES;
				CLANG_WARN_OBJC_LITERAL_CONVERSION = YES;
				CLANG_WARN_OBJC_ROOT_CLASS = YES_ERROR;
				CLANG_WARN_QUOTED_INCLUDE_IN_FRAMEWORK_HEADER = YES;
				CLANG_WARN_RANGE_LOOP_ANALYSIS = YES;
				CLANG_WARN_STRICT_PROTOTYPES = YES;
				CLANG_WARN_SUSPICIOUS_MOVE = YES;
				CLANG_WARN_UNGUARDED_AVAILABILITY = YES_AGGRESSIVE;
				CLANG_WARN_UNREACHABLE_CODE = YES;
				CLANG_WARN__DUPLICATE_METHOD_MATCH = YES;
				COPY_PHASE_STRIP = NO;
				DEBUG_INFORMATION_FORMAT = dwarf;
				ENABLE_STRICT_OBJC_MSGSEND = YES;
				ENABLE_TESTABILITY = YES;
				GCC_C_LANGUAGE_STANDARD = gnu11;
				GCC_DYNAMIC_NO_PIC = NO;
				GCC_NO_COMMON_BLOCKS = YES;
				GCC_OPTIMIZATION_LEVEL = 0;
				GCC_PREPROCESSOR_DEFINITIONS = (
					"DEBUG=1",
					"$(inherited)",
				);
				GCC_WARN_64_TO_32_BIT_CONVERSION = YES;
				GCC_WARN_ABOUT_RETURN_TYPE = YES_ERROR;
				GCC_WARN_UNDECLARED_SELECTOR = YES;
				GCC_WARN_UNINITIALIZED_AUTOS = YES_AGGRESSIVE;
				GCC_WARN_UNUSED_FUNCTION = YES;
				GCC_WARN_UNUSED_VARIABLE = YES;
				IPHONEOS_DEPLOYMENT_TARGET = 14.2;
				MTL_ENABLE_DEBUG_INFO = INCLUDE_SOURCE;
				MTL_FAST_MATH = YES;
				ONLY_ACTIVE_ARCH = YES;
				SDKROOT = iphoneos;
				SWIFT_ACTIVE_COMPILATION_CONDITIONS = DEBUG;
				SWIFT_OPTIMIZATION_LEVEL = "-Onone";
			};
			name = Debug;
		};
		5C36A4F3261A1ABA00E9A6D4 /* Release */ = {
			isa = XCBuildConfiguration;
			buildSettings = {
				ALWAYS_SEARCH_USER_PATHS = NO;
				CLANG_ANALYZER_NONNULL = YES;
				CLANG_ANALYZER_NUMBER_OBJECT_CONVERSION = YES_AGGRESSIVE;
				CLANG_CXX_LANGUAGE_STANDARD = "gnu++14";
				CLANG_CXX_LIBRARY = "libc++";
				CLANG_ENABLE_MODULES = YES;
				CLANG_ENABLE_OBJC_ARC = YES;
				CLANG_ENABLE_OBJC_WEAK = YES;
				CLANG_WARN_BLOCK_CAPTURE_AUTORELEASING = YES;
				CLANG_WARN_BOOL_CONVERSION = YES;
				CLANG_WARN_COMMA = YES;
				CLANG_WARN_CONSTANT_CONVERSION = YES;
				CLANG_WARN_DEPRECATED_OBJC_IMPLEMENTATIONS = YES;
				CLANG_WARN_DIRECT_OBJC_ISA_USAGE = YES_ERROR;
				CLANG_WARN_DOCUMENTATION_COMMENTS = YES;
				CLANG_WARN_EMPTY_BODY = YES;
				CLANG_WARN_ENUM_CONVERSION = YES;
				CLANG_WARN_INFINITE_RECURSION = YES;
				CLANG_WARN_INT_CONVERSION = YES;
				CLANG_WARN_NON_LITERAL_NULL_CONVERSION = YES;
				CLANG_WARN_OBJC_IMPLICIT_RETAIN_SELF = YES;
				CLANG_WARN_OBJC_LITERAL_CONVERSION = YES;
				CLANG_WARN_OBJC_ROOT_CLASS = YES_ERROR;
				CLANG_WARN_QUOTED_INCLUDE_IN_FRAMEWORK_HEADER = YES;
				CLANG_WARN_RANGE_LOOP_ANALYSIS = YES;
				CLANG_WARN_STRICT_PROTOTYPES = YES;
				CLANG_WARN_SUSPICIOUS_MOVE = YES;
				CLANG_WARN_UNGUARDED_AVAILABILITY = YES_AGGRESSIVE;
				CLANG_WARN_UNREACHABLE_CODE = YES;
				CLANG_WARN__DUPLICATE_METHOD_MATCH = YES;
				COPY_PHASE_STRIP = NO;
				DEBUG_INFORMATION_FORMAT = "dwarf-with-dsym";
				ENABLE_NS_ASSERTIONS = NO;
				ENABLE_STRICT_OBJC_MSGSEND = YES;
				GCC_C_LANGUAGE_STANDARD = gnu11;
				GCC_NO_COMMON_BLOCKS = YES;
				GCC_WARN_64_TO_32_BIT_CONVERSION = YES;
				GCC_WARN_ABOUT_RETURN_TYPE = YES_ERROR;
				GCC_WARN_UNDECLARED_SELECTOR = YES;
				GCC_WARN_UNINITIALIZED_AUTOS = YES_AGGRESSIVE;
				GCC_WARN_UNUSED_FUNCTION = YES;
				GCC_WARN_UNUSED_VARIABLE = YES;
				IPHONEOS_DEPLOYMENT_TARGET = 14.2;
				MTL_ENABLE_DEBUG_INFO = NO;
				MTL_FAST_MATH = YES;
				SDKROOT = iphoneos;
				SWIFT_COMPILATION_MODE = wholemodule;
				SWIFT_OPTIMIZATION_LEVEL = "-O";
				VALIDATE_PRODUCT = YES;
			};
			name = Release;
		};
		5C36A4F5261A1ABA00E9A6D4 /* Debug */ = {
			isa = XCBuildConfiguration;
			baseConfigurationReference = 4BBA229D07E53E001C35AE20 /* Pods-NutritionAnalyzer_legacy.debug.xcconfig */;
			buildSettings = {
				ASSETCATALOG_COMPILER_APPICON_NAME = AppIcon;
				ASSETCATALOG_COMPILER_GLOBAL_ACCENT_COLOR_NAME = AccentColor;
				CODE_SIGN_STYLE = Automatic;
				DEVELOPMENT_TEAM = BBP79TNKTL;
				INFOPLIST_FILE = NutritionAnalyzer_legacy/Info.plist;
				LD_RUNPATH_SEARCH_PATHS = (
					"$(inherited)",
					"@executable_path/Frameworks",
				);
				PRODUCT_BUNDLE_IDENTIFIER = "com.oyatom.NutritionAnalyzer-legacy";
				PRODUCT_NAME = "$(TARGET_NAME)";
				SWIFT_VERSION = 5.0;
				TARGETED_DEVICE_FAMILY = "1,2";
			};
			name = Debug;
		};
		5C36A4F6261A1ABA00E9A6D4 /* Release */ = {
			isa = XCBuildConfiguration;
			baseConfigurationReference = 1F61EBAB8F84224D122AB864 /* Pods-NutritionAnalyzer_legacy.release.xcconfig */;
			buildSettings = {
				ASSETCATALOG_COMPILER_APPICON_NAME = AppIcon;
				ASSETCATALOG_COMPILER_GLOBAL_ACCENT_COLOR_NAME = AccentColor;
				CODE_SIGN_STYLE = Automatic;
				DEVELOPMENT_TEAM = BBP79TNKTL;
				INFOPLIST_FILE = NutritionAnalyzer_legacy/Info.plist;
				LD_RUNPATH_SEARCH_PATHS = (
					"$(inherited)",
					"@executable_path/Frameworks",
				);
				PRODUCT_BUNDLE_IDENTIFIER = "com.oyatom.NutritionAnalyzer-legacy";
				PRODUCT_NAME = "$(TARGET_NAME)";
				SWIFT_VERSION = 5.0;
				TARGETED_DEVICE_FAMILY = "1,2";
			};
			name = Release;
		};
		5C36A4F8261A1ABA00E9A6D4 /* Debug */ = {
			isa = XCBuildConfiguration;
			baseConfigurationReference = C3DDC62E8C546CC85D8184C8 /* Pods-NutritionAnalyzer_legacyTests.debug.xcconfig */;
			buildSettings = {
				ALWAYS_EMBED_SWIFT_STANDARD_LIBRARIES = YES;
				BUNDLE_LOADER = "$(TEST_HOST)";
				CODE_SIGN_STYLE = Automatic;
				DEVELOPMENT_TEAM = BBP79TNKTL;
				INFOPLIST_FILE = NutritionAnalyzer_legacyTests/Info.plist;
				IPHONEOS_DEPLOYMENT_TARGET = 14.2;
				LD_RUNPATH_SEARCH_PATHS = (
					"$(inherited)",
					"@executable_path/Frameworks",
					"@loader_path/Frameworks",
				);
				PRODUCT_BUNDLE_IDENTIFIER = "com.oyatom.NutritionAnalyzer-legacyTests";
				PRODUCT_NAME = "$(TARGET_NAME)";
				SWIFT_VERSION = 5.0;
				TARGETED_DEVICE_FAMILY = "1,2";
				TEST_HOST = "$(BUILT_PRODUCTS_DIR)/NutritionAnalyzer_legacy.app/NutritionAnalyzer_legacy";
			};
			name = Debug;
		};
		5C36A4F9261A1ABA00E9A6D4 /* Release */ = {
			isa = XCBuildConfiguration;
			baseConfigurationReference = E2A8B656CEED6CEE557F9A3E /* Pods-NutritionAnalyzer_legacyTests.release.xcconfig */;
			buildSettings = {
				ALWAYS_EMBED_SWIFT_STANDARD_LIBRARIES = YES;
				BUNDLE_LOADER = "$(TEST_HOST)";
				CODE_SIGN_STYLE = Automatic;
				DEVELOPMENT_TEAM = BBP79TNKTL;
				INFOPLIST_FILE = NutritionAnalyzer_legacyTests/Info.plist;
				IPHONEOS_DEPLOYMENT_TARGET = 14.2;
				LD_RUNPATH_SEARCH_PATHS = (
					"$(inherited)",
					"@executable_path/Frameworks",
					"@loader_path/Frameworks",
				);
				PRODUCT_BUNDLE_IDENTIFIER = "com.oyatom.NutritionAnalyzer-legacyTests";
				PRODUCT_NAME = "$(TARGET_NAME)";
				SWIFT_VERSION = 5.0;
				TARGETED_DEVICE_FAMILY = "1,2";
				TEST_HOST = "$(BUILT_PRODUCTS_DIR)/NutritionAnalyzer_legacy.app/NutritionAnalyzer_legacy";
			};
			name = Release;
		};
		5C36A4FB261A1ABA00E9A6D4 /* Debug */ = {
			isa = XCBuildConfiguration;
			baseConfigurationReference = 6102E7F7BC378816928E2FDB /* Pods-NutritionAnalyzer_legacy-NutritionAnalyzer_legacyUITests.debug.xcconfig */;
			buildSettings = {
				ALWAYS_EMBED_SWIFT_STANDARD_LIBRARIES = YES;
				CODE_SIGN_STYLE = Automatic;
				DEVELOPMENT_TEAM = BBP79TNKTL;
				INFOPLIST_FILE = NutritionAnalyzer_legacyUITests/Info.plist;
				LD_RUNPATH_SEARCH_PATHS = (
					"$(inherited)",
					"@executable_path/Frameworks",
					"@loader_path/Frameworks",
				);
				PRODUCT_BUNDLE_IDENTIFIER = "com.oyatom.NutritionAnalyzer-legacyUITests";
				PRODUCT_NAME = "$(TARGET_NAME)";
				SWIFT_VERSION = 5.0;
				TARGETED_DEVICE_FAMILY = "1,2";
				TEST_TARGET_NAME = NutritionAnalyzer_legacy;
			};
			name = Debug;
		};
		5C36A4FC261A1ABA00E9A6D4 /* Release */ = {
			isa = XCBuildConfiguration;
			baseConfigurationReference = 24F26239DE404AAE7CAD79FE /* Pods-NutritionAnalyzer_legacy-NutritionAnalyzer_legacyUITests.release.xcconfig */;
			buildSettings = {
				ALWAYS_EMBED_SWIFT_STANDARD_LIBRARIES = YES;
				CODE_SIGN_STYLE = Automatic;
				DEVELOPMENT_TEAM = BBP79TNKTL;
				INFOPLIST_FILE = NutritionAnalyzer_legacyUITests/Info.plist;
				LD_RUNPATH_SEARCH_PATHS = (
					"$(inherited)",
					"@executable_path/Frameworks",
					"@loader_path/Frameworks",
				);
				PRODUCT_BUNDLE_IDENTIFIER = "com.oyatom.NutritionAnalyzer-legacyUITests";
				PRODUCT_NAME = "$(TARGET_NAME)";
				SWIFT_VERSION = 5.0;
				TARGETED_DEVICE_FAMILY = "1,2";
				TEST_TARGET_NAME = NutritionAnalyzer_legacy;
			};
			name = Release;
		};
/* End XCBuildConfiguration section */

/* Begin XCConfigurationList section */
		5C36A4C5261A1AB700E9A6D4 /* Build configuration list for PBXProject "NutritionAnalyzer_legacy" */ = {
			isa = XCConfigurationList;
			buildConfigurations = (
				5C36A4F2261A1ABA00E9A6D4 /* Debug */,
				5C36A4F3261A1ABA00E9A6D4 /* Release */,
			);
			defaultConfigurationIsVisible = 0;
			defaultConfigurationName = Release;
		};
		5C36A4F4261A1ABA00E9A6D4 /* Build configuration list for PBXNativeTarget "NutritionAnalyzer_legacy" */ = {
			isa = XCConfigurationList;
			buildConfigurations = (
				5C36A4F5261A1ABA00E9A6D4 /* Debug */,
				5C36A4F6261A1ABA00E9A6D4 /* Release */,
			);
			defaultConfigurationIsVisible = 0;
			defaultConfigurationName = Release;
		};
		5C36A4F7261A1ABA00E9A6D4 /* Build configuration list for PBXNativeTarget "NutritionAnalyzer_legacyTests" */ = {
			isa = XCConfigurationList;
			buildConfigurations = (
				5C36A4F8261A1ABA00E9A6D4 /* Debug */,
				5C36A4F9261A1ABA00E9A6D4 /* Release */,
			);
			defaultConfigurationIsVisible = 0;
			defaultConfigurationName = Release;
		};
		5C36A4FA261A1ABA00E9A6D4 /* Build configuration list for PBXNativeTarget "NutritionAnalyzer_legacyUITests" */ = {
			isa = XCConfigurationList;
			buildConfigurations = (
				5C36A4FB261A1ABA00E9A6D4 /* Debug */,
				5C36A4FC261A1ABA00E9A6D4 /* Release */,
			);
			defaultConfigurationIsVisible = 0;
			defaultConfigurationName = Release;
		};
/* End XCConfigurationList section */
	};
	rootObject = 5C36A4C2261A1AB700E9A6D4 /* Project object */;
}
